
Microsoft Visual Studio Solution File, Format Version 12.00
# Visual Studio 15
VisualStudioVersion = 15.0.27428.2011
MinimumVisualStudioVersion = 10.0.40219.1
Project("{E24C65DC-7377-472B-9ABA-BC803B73C61A}") = "BrayanLopez8.github.io", ".", "{0D473B08-B74A-4237-9A6E-A5D06BFA8B26}"
	ProjectSection(WebsiteProperties) = preProject
		TargetFrameworkMoniker = ".NETFramework,Version%3Dv4.0"
		Debug.AspNetCompiler.VirtualPath = "/localhost_51139"
		Debug.AspNetCompiler.PhysicalPath = "..\BrayanLopez8.github.io\"
		Debug.AspNetCompiler.TargetPath = "PrecompiledWeb\localhost_51139\"
		Debug.AspNetCompiler.Updateable = "true"
		Debug.AspNetCompiler.ForceOverwrite = "true"
		Debug.AspNetCompiler.FixedNames = "false"
		Debug.AspNetCompiler.Debug = "True"
		Release.AspNetCompiler.VirtualPath = "/localhost_51139"
		Release.AspNetCompiler.PhysicalPath = "..\BrayanLopez8.github.io\"
		Release.AspNetCompiler.TargetPath = "PrecompiledWeb\localhost_51139\"
		Release.AspNetCompiler.Updateable = "true"
		Release.AspNetCompiler.ForceOverwrite = "true"
		Release.AspNetCompiler.FixedNames = "false"
		Release.AspNetCompiler.Debug = "False"
		VWDPort = "51139"
		SlnRelativePath = "..\BrayanLopez8.github.io\"
	EndProjectSection
EndProject
Project("{9092AA53-FB77-4645-B42D-1CCCA6BD08BD}") = "BotBrayanLopezTest", "..\BotBrayanLopezTest\BotBrayanLopezTest.njsproj", "{FF47D8BD-E5C8-45BC-836C-BD383B0F2904}"
EndProject
Global
	GlobalSection(SolutionConfigurationPlatforms) = preSolution
		Debug|Any CPU = Debug|Any CPU
		Release|Any CPU = Release|Any CPU
	EndGlobalSection
	GlobalSection(ProjectConfigurationPlatforms) = postSolution
		{0D473B08-B74A-4237-9A6E-A5D06BFA8B26}.Debug|Any CPU.ActiveCfg = Debug|Any CPU
		{0D473B08-B74A-4237-9A6E-A5D06BFA8B26}.Debug|Any CPU.Build.0 = Debug|Any CPU
		{0D473B08-B74A-4237-9A6E-A5D06BFA8B26}.Release|Any CPU.ActiveCfg = Debug|Any CPU
		{0D473B08-B74A-4237-9A6E-A5D06BFA8B26}.Release|Any CPU.Build.0 = Debug|Any CPU
		{FF47D8BD-E5C8-45BC-836C-BD383B0F2904}.Debug|Any CPU.ActiveCfg = Debug|Any CPU
		{FF47D8BD-E5C8-45BC-836C-BD383B0F2904}.Debug|Any CPU.Build.0 = Debug|Any CPU
		{FF47D8BD-E5C8-45BC-836C-BD383B0F2904}.Release|Any CPU.ActiveCfg = Release|Any CPU
		{FF47D8BD-E5C8-45BC-836C-BD383B0F2904}.Release|Any CPU.Build.0 = Release|Any CPU
	EndGlobalSection
	GlobalSection(SolutionProperties) = preSolution
		HideSolutionNode = FALSE
	EndGlobalSection
	GlobalSection(ExtensibilityGlobals) = postSolution
		SolutionGuid = {F70C2891-89B7-42CE-815C-5576351E4DFF}
	EndGlobalSection
EndGlobal
